
Microsoft Visual Studio Solution File, Format Version 12.00
# Visual Studio Version 17
VisualStudioVersion = 17.5.33516.290
MinimumVisualStudioVersion = 10.0.40219.1
Project("{FAE04EC0-301F-11D3-BF4B-00C04F79EFBC}") = "CursoAvanadeDotnetAngular", "CursoAvanadeDotnetAngular\CursoAvanadeDotnetAngular.csproj", "{23CA3C9D-A08B-4085-8756-8D903771F687}"
EndProject
Global
	GlobalSection(SolutionConfigurationPlatforms) = preSolution
		Debug|Any CPU = Debug|Any CPU
		Release|Any CPU = Release|Any CPU
	EndGlobalSection
	GlobalSection(ProjectConfigurationPlatforms) = postSolution
		{23CA3C9D-A08B-4085-8756-8D903771F687}.Debug|Any CPU.ActiveCfg = Debug|Any CPU
		{23CA3C9D-A08B-4085-8756-8D903771F687}.Debug|Any CPU.Build.0 = Debug|Any CPU
		{23CA3C9D-A08B-4085-8756-8D903771F687}.Release|Any CPU.ActiveCfg = Release|Any CPU
		{23CA3C9D-A08B-4085-8756-8D903771F687}.Release|Any CPU.Build.0 = Release|Any CPU
	EndGlobalSection
	GlobalSection(SolutionProperties) = preSolution
		HideSolutionNode = FALSE
	EndGlobalSection
	GlobalSection(ExtensibilityGlobals) = postSolution
		SolutionGuid = {A50CEE56-0DE7-46B1-B673-95A35123395D}
	EndGlobalSection
EndGlobal
